
Microsoft Visual Studio Solution File, Format Version 12.00
# Visual Studio Version 16
VisualStudioVersion = 16.0.29709.97
MinimumVisualStudioVersion = 10.0.40219.1
Project("{9A19103F-16F7-4668-BE54-9A1E7A4F7556}") = "Pinger", "Pinger\Pinger.csproj", "{07F52192-62E4-460D-BE0C-1674D5C0C2C5}"
EndProject
Project("{9A19103F-16F7-4668-BE54-9A1E7A4F7556}") = "PingerLib", "PingerLib\PingerLib.csproj", "{C47AC24F-ACFD-48D0-BFC7-E92646AF5558}"
EndProject
Project("{9A19103F-16F7-4668-BE54-9A1E7A4F7556}") = "PingerLib.Tests", "PingerLibTests\PingerLib.Tests.csproj", "{3B602C2B-8B98-47D9-916F-AE59299A87BA}"
EndProject
Global
	GlobalSection(SolutionConfigurationPlatforms) = preSolution
		Debug|Any CPU = Debug|Any CPU
		Release|Any CPU = Release|Any CPU
	EndGlobalSection
	GlobalSection(ProjectConfigurationPlatforms) = postSolution
		{07F52192-62E4-460D-BE0C-1674D5C0C2C5}.Debug|Any CPU.ActiveCfg = Debug|Any CPU
		{07F52192-62E4-460D-BE0C-1674D5C0C2C5}.Debug|Any CPU.Build.0 = Debug|Any CPU
		{07F52192-62E4-460D-BE0C-1674D5C0C2C5}.Release|Any CPU.ActiveCfg = Release|Any CPU
		{07F52192-62E4-460D-BE0C-1674D5C0C2C5}.Release|Any CPU.Build.0 = Release|Any CPU
		{C47AC24F-ACFD-48D0-BFC7-E92646AF5558}.Debug|Any CPU.ActiveCfg = Debug|Any CPU
		{C47AC24F-ACFD-48D0-BFC7-E92646AF5558}.Debug|Any CPU.Build.0 = Debug|Any CPU
		{C47AC24F-ACFD-48D0-BFC7-E92646AF5558}.Release|Any CPU.ActiveCfg = Release|Any CPU
		{C47AC24F-ACFD-48D0-BFC7-E92646AF5558}.Release|Any CPU.Build.0 = Release|Any CPU
		{3B602C2B-8B98-47D9-916F-AE59299A87BA}.Debug|Any CPU.ActiveCfg = Debug|Any CPU
		{3B602C2B-8B98-47D9-916F-AE59299A87BA}.Debug|Any CPU.Build.0 = Debug|Any CPU
		{3B602C2B-8B98-47D9-916F-AE59299A87BA}.Release|Any CPU.ActiveCfg = Release|Any CPU
		{3B602C2B-8B98-47D9-916F-AE59299A87BA}.Release|Any CPU.Build.0 = Release|Any CPU
	EndGlobalSection
	GlobalSection(SolutionProperties) = preSolution
		HideSolutionNode = FALSE
	EndGlobalSection
	GlobalSection(ExtensibilityGlobals) = postSolution
		SolutionGuid = {FC9160CA-167C-4DFF-BA6B-0B3EC34BC81A}
	EndGlobalSection
EndGlobal
